// !$*UTF8*$!
{
	archiveVersion = 1;
	classes = {
	};
	objectVersion = 50;
	objects = {

/* Begin PBXAggregateTarget section */
		CE03F13E22E65FC200147FB9 /* ObjectivelyGL-Tests */ = {
			isa = PBXAggregateTarget;
			buildConfigurationList = CE03F13F22E65FC200147FB9 /* Build configuration list for PBXAggregateTarget "ObjectivelyGL-Tests" */;
			buildPhases = (
				CE03F14622E65FFB00147FB9 /* ShellScript */,
			);
			dependencies = (
				CE2DC4CF22EFC8D200908C7E /* PBXTargetDependency */,
				CE03F14522E65FF300147FB9 /* PBXTargetDependency */,
				CE03F14322E65FF100147FB9 /* PBXTargetDependency */,
				CE2DC4D122EFC8D500908C7E /* PBXTargetDependency */,
			);
			name = "ObjectivelyGL-Tests";
			productName = "ObjectivelyGL-Tests";
		};
/* End PBXAggregateTarget section */

/* Begin PBXBuildFile section */
		CE0CE9BC22E1ECAE00963219 /* Program.h in Headers */ = {isa = PBXBuildFile; fileRef = CE0CE9BA22E1ECAE00963219 /* Program.h */; settings = {ATTRIBUTES = (Private, ); }; };
		CE0CE9BD22E1ECAE00963219 /* Program.c in Sources */ = {isa = PBXBuildFile; fileRef = CE0CE9BB22E1ECAE00963219 /* Program.c */; };
		CE0CE9C022E1F4AB00963219 /* libObjectively.dylib in Frameworks */ = {isa = PBXBuildFile; fileRef = CE0CE9BF22E1F4AB00963219 /* libObjectively.dylib */; };
		CE0CE9C222E1F4B300963219 /* OpenGL.framework in Frameworks */ = {isa = PBXBuildFile; fileRef = CE0CE9C122E1F4B300963219 /* OpenGL.framework */; };
		CE0CE9C422E1F51D00963219 /* Config.h in Headers */ = {isa = PBXBuildFile; fileRef = CE0CE9C322E1F51D00963219 /* Config.h */; };
		CE0CE9C522E1F53F00963219 /* ObjectivelyGL.h in Headers */ = {isa = PBXBuildFile; fileRef = CE0CE9B822E1EB6300963219 /* ObjectivelyGL.h */; settings = {ATTRIBUTES = (Public, ); }; };
		CE129E1523B0310D007D0433 /* UniformBuffer.h in Headers */ = {isa = PBXBuildFile; fileRef = CE129E1323B0310D007D0433 /* UniformBuffer.h */; };
		CE129E1623B0310D007D0433 /* UniformBuffer.c in Sources */ = {isa = PBXBuildFile; fileRef = CE129E1423B0310D007D0433 /* UniformBuffer.c */; };
		CE2A594022E253260043FCD2 /* OpenGL.c in Sources */ = {isa = PBXBuildFile; fileRef = CE2A593E22E253260043FCD2 /* OpenGL.c */; };
		CE2A594122E253260043FCD2 /* OpenGL.h in Headers */ = {isa = PBXBuildFile; fileRef = CE2A593F22E253260043FCD2 /* OpenGL.h */; settings = {ATTRIBUTES = (Private, ); }; };
		CE2A594E22E260B30043FCD2 /* Shader.c in Sources */ = {isa = PBXBuildFile; fileRef = CE2A594222E25F7D0043FCD2 /* Shader.c */; };
		CE2A594F22E260C20043FCD2 /* libObjectivelyGL.dylib in Frameworks */ = {isa = PBXBuildFile; fileRef = CE0CE99722E1E90900963219 /* libObjectivelyGL.dylib */; };
		CE2A595022E260C70043FCD2 /* libObjectively.dylib in Frameworks */ = {isa = PBXBuildFile; fileRef = CE0CE9BF22E1F4AB00963219 /* libObjectively.dylib */; };
		CE2A595222E260E40043FCD2 /* libcheck.0.dylib in Frameworks */ = {isa = PBXBuildFile; fileRef = CE2A595122E260E40043FCD2 /* libcheck.0.dylib */; };
		CE2A595D22E26D9D0043FCD2 /* libSDL2-2.0.0.dylib in Frameworks */ = {isa = PBXBuildFile; fileRef = CE2A595C22E26D9D0043FCD2 /* libSDL2-2.0.0.dylib */; };
		CE2A596B22E4447B0043FCD2 /* libObjectivelyGL.dylib in Frameworks */ = {isa = PBXBuildFile; fileRef = CE0CE99722E1E90900963219 /* libObjectivelyGL.dylib */; };
		CE2A596C22E4447B0043FCD2 /* libObjectively.dylib in Frameworks */ = {isa = PBXBuildFile; fileRef = CE0CE9BF22E1F4AB00963219 /* libObjectively.dylib */; };
		CE2A596D22E4447B0043FCD2 /* libSDL2-2.0.0.dylib in Frameworks */ = {isa = PBXBuildFile; fileRef = CE2A595C22E26D9D0043FCD2 /* libSDL2-2.0.0.dylib */; };
		CE2A596E22E4447B0043FCD2 /* libcheck.0.dylib in Frameworks */ = {isa = PBXBuildFile; fileRef = CE2A595122E260E40043FCD2 /* libcheck.0.dylib */; };
		CE2A597422E4448F0043FCD2 /* Program.c in Sources */ = {isa = PBXBuildFile; fileRef = CE2A596422E444640043FCD2 /* Program.c */; };
		CE2DC4A422E8C65F00908C7E /* Buffer.h in Headers */ = {isa = PBXBuildFile; fileRef = CE2DC4A222E8C65F00908C7E /* Buffer.h */; settings = {ATTRIBUTES = (Private, ); }; };
		CE2DC4A522E8C65F00908C7E /* Buffer.c in Sources */ = {isa = PBXBuildFile; fileRef = CE2DC4A322E8C65F00908C7E /* Buffer.c */; };
		CE2DC4AD22E8DEF200908C7E /* libObjectivelyGL.dylib in Frameworks */ = {isa = PBXBuildFile; fileRef = CE0CE99722E1E90900963219 /* libObjectivelyGL.dylib */; };
		CE2DC4AE22E8DEF200908C7E /* libObjectively.dylib in Frameworks */ = {isa = PBXBuildFile; fileRef = CE0CE9BF22E1F4AB00963219 /* libObjectively.dylib */; };
		CE2DC4AF22E8DEF200908C7E /* libSDL2-2.0.0.dylib in Frameworks */ = {isa = PBXBuildFile; fileRef = CE2A595C22E26D9D0043FCD2 /* libSDL2-2.0.0.dylib */; };
		CE2DC4B022E8DEF200908C7E /* libcheck.0.dylib in Frameworks */ = {isa = PBXBuildFile; fileRef = CE2A595122E260E40043FCD2 /* libcheck.0.dylib */; };
		CE2DC4B622E8DF1A00908C7E /* Hello.c in Sources */ = {isa = PBXBuildFile; fileRef = CE61325E22E75B2000673094 /* Hello.c */; };
		CE2DC4B822E8DF2600908C7E /* Buffer.c in Sources */ = {isa = PBXBuildFile; fileRef = CE2DC4A622E8DE3D00908C7E /* Buffer.c */; };
		CE2DC4BB22EBF82200908C7E /* VertexArray.h in Headers */ = {isa = PBXBuildFile; fileRef = CE2DC4B922EBF82200908C7E /* VertexArray.h */; settings = {ATTRIBUTES = (Private, ); }; };
		CE2DC4BC22EBF82200908C7E /* VertexArray.c in Sources */ = {isa = PBXBuildFile; fileRef = CE2DC4BA22EBF82200908C7E /* VertexArray.c */; };
		CE2DC4C422EBFFD500908C7E /* libObjectivelyGL.dylib in Frameworks */ = {isa = PBXBuildFile; fileRef = CE0CE99722E1E90900963219 /* libObjectivelyGL.dylib */; };
		CE2DC4C522EBFFD500908C7E /* libObjectively.dylib in Frameworks */ = {isa = PBXBuildFile; fileRef = CE0CE9BF22E1F4AB00963219 /* libObjectively.dylib */; };
		CE2DC4C622EBFFD500908C7E /* libSDL2-2.0.0.dylib in Frameworks */ = {isa = PBXBuildFile; fileRef = CE2A595C22E26D9D0043FCD2 /* libSDL2-2.0.0.dylib */; };
		CE2DC4C722EBFFD500908C7E /* libcheck.0.dylib in Frameworks */ = {isa = PBXBuildFile; fileRef = CE2A595122E260E40043FCD2 /* libcheck.0.dylib */; };
		CE2DC4CD22EBFFE800908C7E /* VertexArray.c in Sources */ = {isa = PBXBuildFile; fileRef = CE2DC4BD22EBFFB500908C7E /* VertexArray.c */; };
		CE61326522E75BA100673094 /* libObjectivelyGL.dylib in Frameworks */ = {isa = PBXBuildFile; fileRef = CE0CE99722E1E90900963219 /* libObjectivelyGL.dylib */; };
		CE61326622E75BA100673094 /* libObjectively.dylib in Frameworks */ = {isa = PBXBuildFile; fileRef = CE0CE9BF22E1F4AB00963219 /* libObjectively.dylib */; };
		CE61326722E75BA100673094 /* libSDL2-2.0.0.dylib in Frameworks */ = {isa = PBXBuildFile; fileRef = CE2A595C22E26D9D0043FCD2 /* libSDL2-2.0.0.dylib */; };
		CE7DEE0C22E514DC00ED22EA /* simple.vs.glsl in CopyFiles */ = {isa = PBXBuildFile; fileRef = CE7DEE0722E5035100ED22EA /* simple.vs.glsl */; };
		CE7DEE0D22E514DC00ED22EA /* simple.fs.glsl in CopyFiles */ = {isa = PBXBuildFile; fileRef = CE7DEE0822E5046800ED22EA /* simple.fs.glsl */; };
		CEBB82B122E749CB00997E82 /* syntax-error.glsl in CopyFiles */ = {isa = PBXBuildFile; fileRef = CEBB82B022E749A700997E82 /* syntax-error.glsl */; };
		CEE761B822E2003A007CB42B /* Shader.h in Headers */ = {isa = PBXBuildFile; fileRef = CEE761B622E2003A007CB42B /* Shader.h */; settings = {ATTRIBUTES = (Private, ); }; };
		CEE761B922E2003A007CB42B /* Shader.c in Sources */ = {isa = PBXBuildFile; fileRef = CEE761B722E2003A007CB42B /* Shader.c */; };
/* End PBXBuildFile section */

/* Begin PBXContainerItemProxy section */
		CE03F14222E65FF100147FB9 /* PBXContainerItemProxy */ = {
			isa = PBXContainerItemProxy;
			containerPortal = CE0CE98F22E1E90900963219 /* Project object */;
			proxyType = 1;
			remoteGlobalIDString = CE2A594622E2609D0043FCD2;
			remoteInfo = "ObjectivelyGL-Shader";
		};
		CE03F14422E65FF300147FB9 /* PBXContainerItemProxy */ = {
			isa = PBXContainerItemProxy;
			containerPortal = CE0CE98F22E1E90900963219 /* Project object */;
			proxyType = 1;
			remoteGlobalIDString = CE2A596522E4447B0043FCD2;
			remoteInfo = "ObjectivelyGL-Program";
		};
		CE2A595322E2618A0043FCD2 /* PBXContainerItemProxy */ = {
			isa = PBXContainerItemProxy;
			containerPortal = CE0CE98F22E1E90900963219 /* Project object */;
			proxyType = 1;
			remoteGlobalIDString = CE0CE99622E1E90900963219;
			remoteInfo = ObjectivelyGL;
		};
		CE2A596722E4447B0043FCD2 /* PBXContainerItemProxy */ = {
			isa = PBXContainerItemProxy;
			containerPortal = CE0CE98F22E1E90900963219 /* Project object */;
			proxyType = 1;
			remoteGlobalIDString = CE0CE99622E1E90900963219;
			remoteInfo = ObjectivelyGL;
		};
		CE2DC4A922E8DEF200908C7E /* PBXContainerItemProxy */ = {
			isa = PBXContainerItemProxy;
			containerPortal = CE0CE98F22E1E90900963219 /* Project object */;
			proxyType = 1;
			remoteGlobalIDString = CE0CE99622E1E90900963219;
			remoteInfo = ObjectivelyGL;
		};
		CE2DC4C022EBFFD500908C7E /* PBXContainerItemProxy */ = {
			isa = PBXContainerItemProxy;
			containerPortal = CE0CE98F22E1E90900963219 /* Project object */;
			proxyType = 1;
			remoteGlobalIDString = CE0CE99622E1E90900963219;
			remoteInfo = ObjectivelyGL;
		};
		CE2DC4CE22EFC8D200908C7E /* PBXContainerItemProxy */ = {
			isa = PBXContainerItemProxy;
			containerPortal = CE0CE98F22E1E90900963219 /* Project object */;
			proxyType = 1;
			remoteGlobalIDString = CE2DC4A722E8DEF200908C7E;
			remoteInfo = "ObjectivelyGL-Buffer";
		};
		CE2DC4D022EFC8D500908C7E /* PBXContainerItemProxy */ = {
			isa = PBXContainerItemProxy;
			containerPortal = CE0CE98F22E1E90900963219 /* Project object */;
			proxyType = 1;
			remoteGlobalIDString = CE2DC4BE22EBFFD500908C7E;
			remoteInfo = "ObjectivelyGL-VertexArray";
		};
		CE61326122E75BA100673094 /* PBXContainerItemProxy */ = {
			isa = PBXContainerItemProxy;
			containerPortal = CE0CE98F22E1E90900963219 /* Project object */;
			proxyType = 1;
			remoteGlobalIDString = CE0CE99622E1E90900963219;
			remoteInfo = ObjectivelyGL;
		};
/* End PBXContainerItemProxy section */

/* Begin PBXCopyFilesBuildPhase section */
		CE2A594522E2609D0043FCD2 /* CopyFiles */ = {
			isa = PBXCopyFilesBuildPhase;
			buildActionMask = 2147483647;
			dstPath = /usr/share/man/man1;
			dstSubfolderSpec = 0;
			files = (
			);
			runOnlyForDeploymentPostprocessing = 1;
		};
		CE2A596F22E4447B0043FCD2 /* CopyFiles */ = {
			isa = PBXCopyFilesBuildPhase;
			buildActionMask = 2147483647;
			dstPath = /usr/share/man/man1;
			dstSubfolderSpec = 0;
			files = (
			);
			runOnlyForDeploymentPostprocessing = 1;
		};
		CE2DC4B122E8DEF200908C7E /* CopyFiles */ = {
			isa = PBXCopyFilesBuildPhase;
			buildActionMask = 2147483647;
			dstPath = /usr/share/man/man1;
			dstSubfolderSpec = 0;
			files = (
			);
			runOnlyForDeploymentPostprocessing = 1;
		};
		CE2DC4C822EBFFD500908C7E /* CopyFiles */ = {
			isa = PBXCopyFilesBuildPhase;
			buildActionMask = 2147483647;
			dstPath = /usr/share/man/man1;
			dstSubfolderSpec = 0;
			files = (
			);
			runOnlyForDeploymentPostprocessing = 1;
		};
		CE61326922E75BA100673094 /* CopyFiles */ = {
			isa = PBXCopyFilesBuildPhase;
			buildActionMask = 2147483647;
			dstPath = /usr/share/man/man1;
			dstSubfolderSpec = 0;
			files = (
			);
			runOnlyForDeploymentPostprocessing = 1;
		};
		CE7DEE0922E5133C00ED22EA /* CopyFiles */ = {
			isa = PBXCopyFilesBuildPhase;
			buildActionMask = 2147483647;
			dstPath = "";
			dstSubfolderSpec = 7;
			files = (
				CE7DEE0C22E514DC00ED22EA /* simple.vs.glsl in CopyFiles */,
				CE7DEE0D22E514DC00ED22EA /* simple.fs.glsl in CopyFiles */,
				CEBB82B122E749CB00997E82 /* syntax-error.glsl in CopyFiles */,
			);
			runOnlyForDeploymentPostprocessing = 0;
		};
/* End PBXCopyFilesBuildPhase section */

/* Begin PBXFileReference section */
		CE0CE99722E1E90900963219 /* libObjectivelyGL.dylib */ = {isa = PBXFileReference; explicitFileType = "compiled.mach-o.dylib"; includeInIndex = 0; path = libObjectivelyGL.dylib; sourceTree = BUILT_PRODUCTS_DIR; };
		CE0CE9A522E1EA9A00963219 /* ObjectivelyGL.pc.in */ = {isa = PBXFileReference; fileEncoding = 4; lastKnownFileType = text; path = ObjectivelyGL.pc.in; sourceTree = "<group>"; };
		CE0CE9A622E1EA9A00963219 /* Makefile.am */ = {isa = PBXFileReference; fileEncoding = 4; lastKnownFileType = text; path = Makefile.am; sourceTree = "<group>"; };
		CE0CE9A822E1EA9A00963219 /* Config.h.in */ = {isa = PBXFileReference; fileEncoding = 4; lastKnownFileType = text; path = Config.h.in; sourceTree = "<group>"; };
		CE0CE9A922E1EA9A00963219 /* Makefile.am */ = {isa = PBXFileReference; fileEncoding = 4; lastKnownFileType = text; path = Makefile.am; sourceTree = "<group>"; };
		CE0CE9AD22E1EA9A00963219 /* Makefile.am */ = {isa = PBXFileReference; fileEncoding = 4; lastKnownFileType = text; path = Makefile.am; sourceTree = "<group>"; };
		CE0CE9AF22E1EA9A00963219 /* Makefile.am */ = {isa = PBXFileReference; fileEncoding = 4; lastKnownFileType = text; path = Makefile.am; sourceTree = "<group>"; };
		CE0CE9B022E1EA9A00963219 /* configure.ac */ = {isa = PBXFileReference; fileEncoding = 4; lastKnownFileType = text; path = configure.ac; sourceTree = "<group>"; };
		CE0CE9B222E1EA9A00963219 /* Makefile.am */ = {isa = PBXFileReference; fileEncoding = 4; lastKnownFileType = text; path = Makefile.am; sourceTree = "<group>"; };
		CE0CE9B422E1EA9A00963219 /* Makefile.am */ = {isa = PBXFileReference; fileEncoding = 4; lastKnownFileType = text; path = Makefile.am; sourceTree = "<group>"; };
		CE0CE9B822E1EB6300963219 /* ObjectivelyGL.h */ = {isa = PBXFileReference; lastKnownFileType = sourcecode.c.h; path = ObjectivelyGL.h; sourceTree = "<group>"; };
		CE0CE9B922E1EC5B00963219 /* Types.h */ = {isa = PBXFileReference; lastKnownFileType = sourcecode.c.h; path = Types.h; sourceTree = "<group>"; };
		CE0CE9BA22E1ECAE00963219 /* Program.h */ = {isa = PBXFileReference; lastKnownFileType = sourcecode.c.h; path = Program.h; sourceTree = "<group>"; };
		CE0CE9BB22E1ECAE00963219 /* Program.c */ = {isa = PBXFileReference; lastKnownFileType = sourcecode.c.c; path = Program.c; sourceTree = "<group>"; };
		CE0CE9BF22E1F4AB00963219 /* libObjectively.dylib */ = {isa = PBXFileReference; explicitFileType = "compiled.mach-o.dylib"; path = libObjectively.dylib; sourceTree = BUILT_PRODUCTS_DIR; };
		CE0CE9C122E1F4B300963219 /* OpenGL.framework */ = {isa = PBXFileReference; lastKnownFileType = wrapper.framework; name = OpenGL.framework; path = System/Library/Frameworks/OpenGL.framework; sourceTree = SDKROOT; };
		CE0CE9C322E1F51D00963219 /* Config.h */ = {isa = PBXFileReference; fileEncoding = 4; lastKnownFileType = sourcecode.c.h; path = Config.h; sourceTree = "<group>"; };
		CE129E1323B0310D007D0433 /* UniformBuffer.h */ = {isa = PBXFileReference; lastKnownFileType = sourcecode.c.h; path = UniformBuffer.h; sourceTree = "<group>"; };
		CE129E1423B0310D007D0433 /* UniformBuffer.c */ = {isa = PBXFileReference; lastKnownFileType = sourcecode.c.c; path = UniformBuffer.c; sourceTree = "<group>"; };
		CE2A593E22E253260043FCD2 /* OpenGL.c */ = {isa = PBXFileReference; fileEncoding = 4; lastKnownFileType = sourcecode.c.c; path = OpenGL.c; sourceTree = "<group>"; };
		CE2A593F22E253260043FCD2 /* OpenGL.h */ = {isa = PBXFileReference; fileEncoding = 4; lastKnownFileType = sourcecode.c.h; path = OpenGL.h; sourceTree = "<group>"; };
		CE2A594222E25F7D0043FCD2 /* Shader.c */ = {isa = PBXFileReference; lastKnownFileType = sourcecode.c.c; path = Shader.c; sourceTree = "<group>"; };
		CE2A594722E2609D0043FCD2 /* ObjectivelyGL-Shader */ = {isa = PBXFileReference; explicitFileType = "compiled.mach-o.executable"; includeInIndex = 0; path = "ObjectivelyGL-Shader"; sourceTree = BUILT_PRODUCTS_DIR; };
		CE2A595122E260E40043FCD2 /* libcheck.0.dylib */ = {isa = PBXFileReference; lastKnownFileType = "compiled.mach-o.dylib"; name = libcheck.0.dylib; path = ../../../../opt/local/lib/libcheck.0.dylib; sourceTree = "<group>"; };
		CE2A595C22E26D9D0043FCD2 /* libSDL2-2.0.0.dylib */ = {isa = PBXFileReference; lastKnownFileType = "compiled.mach-o.dylib"; name = "libSDL2-2.0.0.dylib"; path = "../../../../opt/local/lib/libSDL2-2.0.0.dylib"; sourceTree = "<group>"; };
		CE2A596422E444640043FCD2 /* Program.c */ = {isa = PBXFileReference; lastKnownFileType = sourcecode.c.c; path = Program.c; sourceTree = "<group>"; };
		CE2A597322E4447B0043FCD2 /* ObjectivelyGL-Program */ = {isa = PBXFileReference; explicitFileType = "compiled.mach-o.executable"; includeInIndex = 0; path = "ObjectivelyGL-Program"; sourceTree = BUILT_PRODUCTS_DIR; };
		CE2DC4A222E8C65F00908C7E /* Buffer.h */ = {isa = PBXFileReference; lastKnownFileType = sourcecode.c.h; path = Buffer.h; sourceTree = "<group>"; };
		CE2DC4A322E8C65F00908C7E /* Buffer.c */ = {isa = PBXFileReference; lastKnownFileType = sourcecode.c.c; path = Buffer.c; sourceTree = "<group>"; };
		CE2DC4A622E8DE3D00908C7E /* Buffer.c */ = {isa = PBXFileReference; lastKnownFileType = sourcecode.c.c; path = Buffer.c; sourceTree = "<group>"; };
		CE2DC4B522E8DEF200908C7E /* ObjectivelyGL-Buffer */ = {isa = PBXFileReference; explicitFileType = "compiled.mach-o.executable"; includeInIndex = 0; path = "ObjectivelyGL-Buffer"; sourceTree = BUILT_PRODUCTS_DIR; };
		CE2DC4B922EBF82200908C7E /* VertexArray.h */ = {isa = PBXFileReference; lastKnownFileType = sourcecode.c.h; path = VertexArray.h; sourceTree = "<group>"; };
		CE2DC4BA22EBF82200908C7E /* VertexArray.c */ = {isa = PBXFileReference; lastKnownFileType = sourcecode.c.c; path = VertexArray.c; sourceTree = "<group>"; };
		CE2DC4BD22EBFFB500908C7E /* VertexArray.c */ = {isa = PBXFileReference; lastKnownFileType = sourcecode.c.c; path = VertexArray.c; sourceTree = "<group>"; };
		CE2DC4CC22EBFFD500908C7E /* ObjectivelyGL-VertexArray */ = {isa = PBXFileReference; explicitFileType = "compiled.mach-o.executable"; includeInIndex = 0; path = "ObjectivelyGL-VertexArray"; sourceTree = BUILT_PRODUCTS_DIR; };
		CE2DC4D222EFD09B00908C7E /* Teapot.h */ = {isa = PBXFileReference; lastKnownFileType = sourcecode.c.h; path = Teapot.h; sourceTree = "<group>"; };
		CE5D758A23228CCB003DC4DE /* libquemath.dylib */ = {isa = PBXFileReference; explicitFileType = "compiled.mach-o.dylib"; path = libquemath.dylib; sourceTree = BUILT_PRODUCTS_DIR; };
		CE5D758C232290E0003DC4DE /* libquemath.dylib */ = {isa = PBXFileReference; explicitFileType = "compiled.mach-o.dylib"; path = libquemath.dylib; sourceTree = BUILT_PRODUCTS_DIR; };
		CE61325E22E75B2000673094 /* Hello.c */ = {isa = PBXFileReference; lastKnownFileType = sourcecode.c.c; path = Hello.c; sourceTree = "<group>"; };
		CE61326D22E75BA100673094 /* ObjectivelyGL-Hello */ = {isa = PBXFileReference; explicitFileType = "compiled.mach-o.executable"; includeInIndex = 0; path = "ObjectivelyGL-Hello"; sourceTree = BUILT_PRODUCTS_DIR; };
		CE7DEE0722E5035100ED22EA /* simple.vs.glsl */ = {isa = PBXFileReference; lastKnownFileType = text; path = simple.vs.glsl; sourceTree = "<group>"; };
		CE7DEE0822E5046800ED22EA /* simple.fs.glsl */ = {isa = PBXFileReference; lastKnownFileType = text; path = simple.fs.glsl; sourceTree = "<group>"; };
		CE7DEE0E22E5176F00ED22EA /* Makefile.am */ = {isa = PBXFileReference; lastKnownFileType = text; path = Makefile.am; sourceTree = "<group>"; };
		CE7DEE0F22E5185900ED22EA /* Doxyfile */ = {isa = PBXFileReference; lastKnownFileType = text; path = Doxyfile; sourceTree = "<group>"; };
		CEBB82AC22E68EE100997E82 /* Test.h */ = {isa = PBXFileReference; lastKnownFileType = sourcecode.c.h; path = Test.h; sourceTree = "<group>"; };
		CEBB82B022E749A700997E82 /* syntax-error.glsl */ = {isa = PBXFileReference; lastKnownFileType = text; path = "syntax-error.glsl"; sourceTree = "<group>"; };
		CEE761B622E2003A007CB42B /* Shader.h */ = {isa = PBXFileReference; lastKnownFileType = sourcecode.c.h; path = Shader.h; sourceTree = "<group>"; };
		CEE761B722E2003A007CB42B /* Shader.c */ = {isa = PBXFileReference; lastKnownFileType = sourcecode.c.c; path = Shader.c; sourceTree = "<group>"; };
/* End PBXFileReference section */

/* Begin PBXFrameworksBuildPhase section */
		CE0CE99522E1E90900963219 /* Frameworks */ = {
			isa = PBXFrameworksBuildPhase;
			buildActionMask = 2147483647;
			files = (
				CE0CE9C022E1F4AB00963219 /* libObjectively.dylib in Frameworks */,
				CE0CE9C222E1F4B300963219 /* OpenGL.framework in Frameworks */,
			);
			runOnlyForDeploymentPostprocessing = 0;
		};
		CE2A594422E2609D0043FCD2 /* Frameworks */ = {
			isa = PBXFrameworksBuildPhase;
			buildActionMask = 2147483647;
			files = (
				CE2A594F22E260C20043FCD2 /* libObjectivelyGL.dylib in Frameworks */,
				CE2A595022E260C70043FCD2 /* libObjectively.dylib in Frameworks */,
				CE2A595D22E26D9D0043FCD2 /* libSDL2-2.0.0.dylib in Frameworks */,
				CE2A595222E260E40043FCD2 /* libcheck.0.dylib in Frameworks */,
			);
			runOnlyForDeploymentPostprocessing = 0;
		};
		CE2A596A22E4447B0043FCD2 /* Frameworks */ = {
			isa = PBXFrameworksBuildPhase;
			buildActionMask = 2147483647;
			files = (
				CE2A596B22E4447B0043FCD2 /* libObjectivelyGL.dylib in Frameworks */,
				CE2A596C22E4447B0043FCD2 /* libObjectively.dylib in Frameworks */,
				CE2A596D22E4447B0043FCD2 /* libSDL2-2.0.0.dylib in Frameworks */,
				CE2A596E22E4447B0043FCD2 /* libcheck.0.dylib in Frameworks */,
			);
			runOnlyForDeploymentPostprocessing = 0;
		};
		CE2DC4AC22E8DEF200908C7E /* Frameworks */ = {
			isa = PBXFrameworksBuildPhase;
			buildActionMask = 2147483647;
			files = (
				CE2DC4AD22E8DEF200908C7E /* libObjectivelyGL.dylib in Frameworks */,
				CE2DC4AE22E8DEF200908C7E /* libObjectively.dylib in Frameworks */,
				CE2DC4AF22E8DEF200908C7E /* libSDL2-2.0.0.dylib in Frameworks */,
				CE2DC4B022E8DEF200908C7E /* libcheck.0.dylib in Frameworks */,
			);
			runOnlyForDeploymentPostprocessing = 0;
		};
		CE2DC4C322EBFFD500908C7E /* Frameworks */ = {
			isa = PBXFrameworksBuildPhase;
			buildActionMask = 2147483647;
			files = (
				CE2DC4C422EBFFD500908C7E /* libObjectivelyGL.dylib in Frameworks */,
				CE2DC4C522EBFFD500908C7E /* libObjectively.dylib in Frameworks */,
				CE2DC4C622EBFFD500908C7E /* libSDL2-2.0.0.dylib in Frameworks */,
				CE2DC4C722EBFFD500908C7E /* libcheck.0.dylib in Frameworks */,
			);
			runOnlyForDeploymentPostprocessing = 0;
		};
		CE61326422E75BA100673094 /* Frameworks */ = {
			isa = PBXFrameworksBuildPhase;
			buildActionMask = 2147483647;
			files = (
				CE61326522E75BA100673094 /* libObjectivelyGL.dylib in Frameworks */,
				CE61326622E75BA100673094 /* libObjectively.dylib in Frameworks */,
				CE61326722E75BA100673094 /* libSDL2-2.0.0.dylib in Frameworks */,
			);
			runOnlyForDeploymentPostprocessing = 0;
		};
/* End PBXFrameworksBuildPhase section */

/* Begin PBXGroup section */
		CE0CE98E22E1E90900963219 = {
			isa = PBXGroup;
			children = (
				CE0CE9AC22E1EA9A00963219 /* Examples */,
				CE0CE9BE22E1F4AB00963219 /* Frameworks */,
				CE0CE99822E1E90900963219 /* Products */,
				CE2A595522E262D40043FCD2 /* Resources */,
				CE0CE9A422E1EA9A00963219 /* Sources */,
				CE0CE9B122E1EA9A00963219 /* Tests */,
				CE0CE9B022E1EA9A00963219 /* configure.ac */,
				CE7DEE0F22E5185900ED22EA /* Doxyfile */,
				CE0CE9AF22E1EA9A00963219 /* Makefile.am */,
			);
			sourceTree = "<group>";
		};
		CE0CE99822E1E90900963219 /* Products */ = {
			isa = PBXGroup;
			children = (
				CE0CE99722E1E90900963219 /* libObjectivelyGL.dylib */,
				CE2A594722E2609D0043FCD2 /* ObjectivelyGL-Shader */,
				CE2A597322E4447B0043FCD2 /* ObjectivelyGL-Program */,
				CE61326D22E75BA100673094 /* ObjectivelyGL-Hello */,
				CE2DC4B522E8DEF200908C7E /* ObjectivelyGL-Buffer */,
				CE2DC4CC22EBFFD500908C7E /* ObjectivelyGL-VertexArray */,
			);
			name = Products;
			sourceTree = "<group>";
		};
		CE0CE9A422E1EA9A00963219 /* Sources */ = {
			isa = PBXGroup;
			children = (
				CE0CE9A722E1EA9A00963219 /* ObjectivelyGL */,
				CE0CE9B822E1EB6300963219 /* ObjectivelyGL.h */,
				CE0CE9A522E1EA9A00963219 /* ObjectivelyGL.pc.in */,
				CE0CE9A622E1EA9A00963219 /* Makefile.am */,
			);
			path = Sources;
			sourceTree = "<group>";
		};
		CE0CE9A722E1EA9A00963219 /* ObjectivelyGL */ = {
			isa = PBXGroup;
			children = (
				CE2DC4A222E8C65F00908C7E /* Buffer.h */,
				CE2DC4A322E8C65F00908C7E /* Buffer.c */,
				CE0CE9C322E1F51D00963219 /* Config.h */,
				CE0CE9A822E1EA9A00963219 /* Config.h.in */,
				CE2A593E22E253260043FCD2 /* OpenGL.c */,
				CE2A593F22E253260043FCD2 /* OpenGL.h */,
				CE0CE9BA22E1ECAE00963219 /* Program.h */,
				CE0CE9BB22E1ECAE00963219 /* Program.c */,
				CEE761B622E2003A007CB42B /* Shader.h */,
				CEE761B722E2003A007CB42B /* Shader.c */,
				CE0CE9B922E1EC5B00963219 /* Types.h */,
				CE129E1323B0310D007D0433 /* UniformBuffer.h */,
				CE129E1423B0310D007D0433 /* UniformBuffer.c */,
				CE2DC4B922EBF82200908C7E /* VertexArray.h */,
				CE2DC4BA22EBF82200908C7E /* VertexArray.c */,
				CE0CE9A922E1EA9A00963219 /* Makefile.am */,
			);
			path = ObjectivelyGL;
			sourceTree = "<group>";
		};
		CE0CE9AC22E1EA9A00963219 /* Examples */ = {
			isa = PBXGroup;
			children = (
				CE61325E22E75B2000673094 /* Hello.c */,
				CE2DC4D222EFD09B00908C7E /* Teapot.h */,
				CE0CE9AD22E1EA9A00963219 /* Makefile.am */,
			);
			path = Examples;
			sourceTree = "<group>";
		};
		CE0CE9B122E1EA9A00963219 /* Tests */ = {
			isa = PBXGroup;
			children = (
				CE0CE9B322E1EA9A00963219 /* ObjectivelyGL */,
				CE0CE9B222E1EA9A00963219 /* Makefile.am */,
			);
			path = Tests;
			sourceTree = "<group>";
		};
		CE0CE9B322E1EA9A00963219 /* ObjectivelyGL */ = {
			isa = PBXGroup;
			children = (
				CE2DC4A622E8DE3D00908C7E /* Buffer.c */,
				CE2A596422E444640043FCD2 /* Program.c */,
				CE2A594222E25F7D0043FCD2 /* Shader.c */,
				CEBB82AC22E68EE100997E82 /* Test.h */,
				CE2DC4BD22EBFFB500908C7E /* VertexArray.c */,
				CE0CE9B422E1EA9A00963219 /* Makefile.am */,
			);
			path = ObjectivelyGL;
			sourceTree = "<group>";
		};
		CE0CE9BE22E1F4AB00963219 /* Frameworks */ = {
			isa = PBXGroup;
			children = (
				CE5D758C232290E0003DC4DE /* libquemath.dylib */,
				CE5D758A23228CCB003DC4DE /* libquemath.dylib */,
				CE2A595C22E26D9D0043FCD2 /* libSDL2-2.0.0.dylib */,
				CE2A595122E260E40043FCD2 /* libcheck.0.dylib */,
				CE0CE9C122E1F4B300963219 /* OpenGL.framework */,
				CE0CE9BF22E1F4AB00963219 /* libObjectively.dylib */,
			);
			name = Frameworks;
			sourceTree = "<group>";
		};
		CE2A595522E262D40043FCD2 /* Resources */ = {
			isa = PBXGroup;
			children = (
				CE7DEE0722E5035100ED22EA /* simple.vs.glsl */,
				CE7DEE0822E5046800ED22EA /* simple.fs.glsl */,
				CEBB82B022E749A700997E82 /* syntax-error.glsl */,
				CE7DEE0E22E5176F00ED22EA /* Makefile.am */,
			);
			path = Resources;
			sourceTree = "<group>";
		};
/* End PBXGroup section */

/* Begin PBXHeadersBuildPhase section */
		CE0CE99322E1E90900963219 /* Headers */ = {
			isa = PBXHeadersBuildPhase;
			buildActionMask = 2147483647;
			files = (
				CE2DC4A422E8C65F00908C7E /* Buffer.h in Headers */,
				CE0CE9C522E1F53F00963219 /* ObjectivelyGL.h in Headers */,
				CE2A594122E253260043FCD2 /* OpenGL.h in Headers */,
				CE0CE9BC22E1ECAE00963219 /* Program.h in Headers */,
				CEE761B822E2003A007CB42B /* Shader.h in Headers */,
				CE2DC4BB22EBF82200908C7E /* VertexArray.h in Headers */,
				CE0CE9C422E1F51D00963219 /* Config.h in Headers */,
				CE129E1523B0310D007D0433 /* UniformBuffer.h in Headers */,
			);
			runOnlyForDeploymentPostprocessing = 0;
		};
/* End PBXHeadersBuildPhase section */

/* Begin PBXNativeTarget section */
		CE0CE99622E1E90900963219 /* ObjectivelyGL */ = {
			isa = PBXNativeTarget;
			buildConfigurationList = CE0CE99B22E1E90900963219 /* Build configuration list for PBXNativeTarget "ObjectivelyGL" */;
			buildPhases = (
				CE0CE99422E1E90900963219 /* Sources */,
				CE0CE99522E1E90900963219 /* Frameworks */,
				CE0CE99322E1E90900963219 /* Headers */,
				CE7DEE0922E5133C00ED22EA /* CopyFiles */,
			);
			buildRules = (
			);
			dependencies = (
			);
			name = ObjectivelyGL;
			productName = ObjectivelyGL;
			productReference = CE0CE99722E1E90900963219 /* libObjectivelyGL.dylib */;
			productType = "com.apple.product-type.library.dynamic";
		};
		CE2A594622E2609D0043FCD2 /* ObjectivelyGL-Shader */ = {
			isa = PBXNativeTarget;
			buildConfigurationList = CE2A594B22E2609E0043FCD2 /* Build configuration list for PBXNativeTarget "ObjectivelyGL-Shader" */;
			buildPhases = (
				CE2A594322E2609D0043FCD2 /* Sources */,
				CE2A594422E2609D0043FCD2 /* Frameworks */,
				CE2A594522E2609D0043FCD2 /* CopyFiles */,
			);
			buildRules = (
			);
			dependencies = (
				CE2A595422E2618A0043FCD2 /* PBXTargetDependency */,
			);
			name = "ObjectivelyGL-Shader";
			productName = "ObjectivelyGL-Shader";
			productReference = CE2A594722E2609D0043FCD2 /* ObjectivelyGL-Shader */;
			productType = "com.apple.product-type.tool";
		};
		CE2A596522E4447B0043FCD2 /* ObjectivelyGL-Program */ = {
			isa = PBXNativeTarget;
			buildConfigurationList = CE2A597022E4447B0043FCD2 /* Build configuration list for PBXNativeTarget "ObjectivelyGL-Program" */;
			buildPhases = (
				CE2A596822E4447B0043FCD2 /* Sources */,
				CE2A596A22E4447B0043FCD2 /* Frameworks */,
				CE2A596F22E4447B0043FCD2 /* CopyFiles */,
			);
			buildRules = (
			);
			dependencies = (
				CE2A596622E4447B0043FCD2 /* PBXTargetDependency */,
			);
			name = "ObjectivelyGL-Program";
			productName = "ObjectivelyGL-Shader";
			productReference = CE2A597322E4447B0043FCD2 /* ObjectivelyGL-Program */;
			productType = "com.apple.product-type.tool";
		};
		CE2DC4A722E8DEF200908C7E /* ObjectivelyGL-Buffer */ = {
			isa = PBXNativeTarget;
			buildConfigurationList = CE2DC4B222E8DEF200908C7E /* Build configuration list for PBXNativeTarget "ObjectivelyGL-Buffer" */;
			buildPhases = (
				CE2DC4AA22E8DEF200908C7E /* Sources */,
				CE2DC4AC22E8DEF200908C7E /* Frameworks */,
				CE2DC4B122E8DEF200908C7E /* CopyFiles */,
			);
			buildRules = (
			);
			dependencies = (
				CE2DC4A822E8DEF200908C7E /* PBXTargetDependency */,
			);
			name = "ObjectivelyGL-Buffer";
			productName = "ObjectivelyGL-Shader";
			productReference = CE2DC4B522E8DEF200908C7E /* ObjectivelyGL-Buffer */;
			productType = "com.apple.product-type.tool";
		};
		CE2DC4BE22EBFFD500908C7E /* ObjectivelyGL-VertexArray */ = {
			isa = PBXNativeTarget;
			buildConfigurationList = CE2DC4C922EBFFD500908C7E /* Build configuration list for PBXNativeTarget "ObjectivelyGL-VertexArray" */;
			buildPhases = (
				CE2DC4C122EBFFD500908C7E /* Sources */,
				CE2DC4C322EBFFD500908C7E /* Frameworks */,
				CE2DC4C822EBFFD500908C7E /* CopyFiles */,
			);
			buildRules = (
			);
			dependencies = (
				CE2DC4BF22EBFFD500908C7E /* PBXTargetDependency */,
			);
			name = "ObjectivelyGL-VertexArray";
			productName = "ObjectivelyGL-Shader";
			productReference = CE2DC4CC22EBFFD500908C7E /* ObjectivelyGL-VertexArray */;
			productType = "com.apple.product-type.tool";
		};
		CE61325F22E75BA100673094 /* ObjectivelyGL-Hello */ = {
			isa = PBXNativeTarget;
			buildConfigurationList = CE61326A22E75BA100673094 /* Build configuration list for PBXNativeTarget "ObjectivelyGL-Hello" */;
			buildPhases = (
				CE61326222E75BA100673094 /* Sources */,
				CE61326422E75BA100673094 /* Frameworks */,
				CE61326922E75BA100673094 /* CopyFiles */,
			);
			buildRules = (
			);
			dependencies = (
				CE61326022E75BA100673094 /* PBXTargetDependency */,
			);
			name = "ObjectivelyGL-Hello";
			productName = "ObjectivelyGL-Shader";
			productReference = CE61326D22E75BA100673094 /* ObjectivelyGL-Hello */;
			productType = "com.apple.product-type.tool";
		};
/* End PBXNativeTarget section */

/* Begin PBXProject section */
		CE0CE98F22E1E90900963219 /* Project object */ = {
			isa = PBXProject;
			attributes = {
				LastUpgradeCheck = 1130;
				ORGANIZATIONNAME = "https://github.com/jdolan";
				TargetAttributes = {
					CE03F13E22E65FC200147FB9 = {
						CreatedOnToolsVersion = 10.3;
					};
					CE0CE99622E1E90900963219 = {
						CreatedOnToolsVersion = 10.2.1;
					};
					CE2A594622E2609D0043FCD2 = {
						CreatedOnToolsVersion = 10.2.1;
					};
				};
			};
			buildConfigurationList = CE0CE99222E1E90900963219 /* Build configuration list for PBXProject "ObjectivelyGL" */;
			compatibilityVersion = "Xcode 9.3";
			developmentRegion = en;
			hasScannedForEncodings = 0;
			knownRegions = (
				en,
				Base,
			);
			mainGroup = CE0CE98E22E1E90900963219;
			productRefGroup = CE0CE99822E1E90900963219 /* Products */;
			projectDirPath = "";
			projectRoot = "";
			targets = (
				CE0CE99622E1E90900963219 /* ObjectivelyGL */,
				CE2DC4A722E8DEF200908C7E /* ObjectivelyGL-Buffer */,
				CE2A596522E4447B0043FCD2 /* ObjectivelyGL-Program */,
				CE2A594622E2609D0043FCD2 /* ObjectivelyGL-Shader */,
				CE2DC4BE22EBFFD500908C7E /* ObjectivelyGL-VertexArray */,
				CE03F13E22E65FC200147FB9 /* ObjectivelyGL-Tests */,
				CE61325F22E75BA100673094 /* ObjectivelyGL-Hello */,
			);
		};
/* End PBXProject section */

/* Begin PBXShellScriptBuildPhase section */
		CE03F14622E65FFB00147FB9 /* ShellScript */ = {
			isa = PBXShellScriptBuildPhase;
			buildActionMask = 2147483647;
			files = (
			);
			inputFileListPaths = (
			);
			inputPaths = (
			);
			outputFileListPaths = (
			);
			outputPaths = (
			);
			runOnlyForDeploymentPostprocessing = 0;
			shellPath = /bin/sh;
			shellScript = "cd $BUILT_PRODUCTS_DIR &&\n./ObjectivelyGL-Buffer &&\n./ObjectivelyGL-Program &&\n./ObjectivelyGL-Shader &&\n./ObjectivelyGL-VertexArray\n";
		};
/* End PBXShellScriptBuildPhase section */

/* Begin PBXSourcesBuildPhase section */
		CE0CE99422E1E90900963219 /* Sources */ = {
			isa = PBXSourcesBuildPhase;
			buildActionMask = 2147483647;
			files = (
				CE2DC4A522E8C65F00908C7E /* Buffer.c in Sources */,
				CE2A594022E253260043FCD2 /* OpenGL.c in Sources */,
				CE129E1623B0310D007D0433 /* UniformBuffer.c in Sources */,
				CE0CE9BD22E1ECAE00963219 /* Program.c in Sources */,
				CEE761B922E2003A007CB42B /* Shader.c in Sources */,
				CE2DC4BC22EBF82200908C7E /* VertexArray.c in Sources */,
			);
			runOnlyForDeploymentPostprocessing = 0;
		};
		CE2A594322E2609D0043FCD2 /* Sources */ = {
			isa = PBXSourcesBuildPhase;
			buildActionMask = 2147483647;
			files = (
				CE2A594E22E260B30043FCD2 /* Shader.c in Sources */,
			);
			runOnlyForDeploymentPostprocessing = 0;
		};
		CE2A596822E4447B0043FCD2 /* Sources */ = {
			isa = PBXSourcesBuildPhase;
			buildActionMask = 2147483647;
			files = (
				CE2A597422E4448F0043FCD2 /* Program.c in Sources */,
			);
			runOnlyForDeploymentPostprocessing = 0;
		};
		CE2DC4AA22E8DEF200908C7E /* Sources */ = {
			isa = PBXSourcesBuildPhase;
			buildActionMask = 2147483647;
			files = (
				CE2DC4B822E8DF2600908C7E /* Buffer.c in Sources */,
			);
			runOnlyForDeploymentPostprocessing = 0;
		};
		CE2DC4C122EBFFD500908C7E /* Sources */ = {
			isa = PBXSourcesBuildPhase;
			buildActionMask = 2147483647;
			files = (
				CE2DC4CD22EBFFE800908C7E /* VertexArray.c in Sources */,
			);
			runOnlyForDeploymentPostprocessing = 0;
		};
		CE61326222E75BA100673094 /* Sources */ = {
			isa = PBXSourcesBuildPhase;
			buildActionMask = 2147483647;
			files = (
				CE2DC4B622E8DF1A00908C7E /* Hello.c in Sources */,
			);
			runOnlyForDeploymentPostprocessing = 0;
		};
/* End PBXSourcesBuildPhase section */

/* Begin PBXTargetDependency section */
		CE03F14322E65FF100147FB9 /* PBXTargetDependency */ = {
			isa = PBXTargetDependency;
			target = CE2A594622E2609D0043FCD2 /* ObjectivelyGL-Shader */;
			targetProxy = CE03F14222E65FF100147FB9 /* PBXContainerItemProxy */;
		};
		CE03F14522E65FF300147FB9 /* PBXTargetDependency */ = {
			isa = PBXTargetDependency;
			target = CE2A596522E4447B0043FCD2 /* ObjectivelyGL-Program */;
			targetProxy = CE03F14422E65FF300147FB9 /* PBXContainerItemProxy */;
		};
		CE2A595422E2618A0043FCD2 /* PBXTargetDependency */ = {
			isa = PBXTargetDependency;
			target = CE0CE99622E1E90900963219 /* ObjectivelyGL */;
			targetProxy = CE2A595322E2618A0043FCD2 /* PBXContainerItemProxy */;
		};
		CE2A596622E4447B0043FCD2 /* PBXTargetDependency */ = {
			isa = PBXTargetDependency;
			target = CE0CE99622E1E90900963219 /* ObjectivelyGL */;
			targetProxy = CE2A596722E4447B0043FCD2 /* PBXContainerItemProxy */;
		};
		CE2DC4A822E8DEF200908C7E /* PBXTargetDependency */ = {
			isa = PBXTargetDependency;
			target = CE0CE99622E1E90900963219 /* ObjectivelyGL */;
			targetProxy = CE2DC4A922E8DEF200908C7E /* PBXContainerItemProxy */;
		};
		CE2DC4BF22EBFFD500908C7E /* PBXTargetDependency */ = {
			isa = PBXTargetDependency;
			target = CE0CE99622E1E90900963219 /* ObjectivelyGL */;
			targetProxy = CE2DC4C022EBFFD500908C7E /* PBXContainerItemProxy */;
		};
		CE2DC4CF22EFC8D200908C7E /* PBXTargetDependency */ = {
			isa = PBXTargetDependency;
			target = CE2DC4A722E8DEF200908C7E /* ObjectivelyGL-Buffer */;
			targetProxy = CE2DC4CE22EFC8D200908C7E /* PBXContainerItemProxy */;
		};
		CE2DC4D122EFC8D500908C7E /* PBXTargetDependency */ = {
			isa = PBXTargetDependency;
			target = CE2DC4BE22EBFFD500908C7E /* ObjectivelyGL-VertexArray */;
			targetProxy = CE2DC4D022EFC8D500908C7E /* PBXContainerItemProxy */;
		};
		CE61326022E75BA100673094 /* PBXTargetDependency */ = {
			isa = PBXTargetDependency;
			target = CE0CE99622E1E90900963219 /* ObjectivelyGL */;
			targetProxy = CE61326122E75BA100673094 /* PBXContainerItemProxy */;
		};
/* End PBXTargetDependency section */

/* Begin XCBuildConfiguration section */
		CE03F14022E65FC200147FB9 /* Debug */ = {
			isa = XCBuildConfiguration;
			buildSettings = {
				PRODUCT_NAME = "$(TARGET_NAME)";
			};
			name = Debug;
		};
		CE03F14122E65FC200147FB9 /* Release */ = {
			isa = XCBuildConfiguration;
			buildSettings = {
				PRODUCT_NAME = "$(TARGET_NAME)";
			};
			name = Release;
		};
		CE0CE99922E1E90900963219 /* Debug */ = {
			isa = XCBuildConfiguration;
			buildSettings = {
				ALWAYS_SEARCH_USER_PATHS = NO;
				CLANG_WARN_BLOCK_CAPTURE_AUTORELEASING = YES;
				CLANG_WARN_BOOL_CONVERSION = YES;
				CLANG_WARN_COMMA = YES;
				CLANG_WARN_CONSTANT_CONVERSION = YES;
				CLANG_WARN_EMPTY_BODY = YES;
				CLANG_WARN_ENUM_CONVERSION = YES;
				CLANG_WARN_INFINITE_RECURSION = YES;
				CLANG_WARN_INT_CONVERSION = YES;
				CLANG_WARN_NON_LITERAL_NULL_CONVERSION = YES;
				CLANG_WARN_STRICT_PROTOTYPES = YES;
				CLANG_WARN_UNREACHABLE_CODE = YES;
				GCC_NO_COMMON_BLOCKS = YES;
				GCC_OPTIMIZATION_LEVEL = 0;
				GCC_PREPROCESSOR_DEFINITIONS = (
					"DEBUG=1",
					"$(inherited)",
				);
				GCC_WARN_64_TO_32_BIT_CONVERSION = YES;
				GCC_WARN_ABOUT_RETURN_TYPE = YES;
				GCC_WARN_SIGN_COMPARE = YES;
				GCC_WARN_UNINITIALIZED_AUTOS = YES;
				GCC_WARN_UNUSED_FUNCTION = YES;
				GCC_WARN_UNUSED_VARIABLE = YES;
				HEADER_SEARCH_PATHS = (
					"$(SRCROOT)/Sources",
					"$(BUILT_PRODUCTS_DIR)/usr/local/include",
					/usr/local/include,
					/opt/local/include,
					/opt/local/include/SDL2,
				);
				LIBRARY_SEARCH_PATHS = (
					/usr/local/lib,
					/opt/local/lib,
				);
				MACOSX_DEPLOYMENT_TARGET = 10.6;
				ONLY_ACTIVE_ARCH = YES;
				USE_HEADERMAP = NO;
			};
			name = Debug;
		};
		CE0CE99A22E1E90900963219 /* Release */ = {
			isa = XCBuildConfiguration;
			buildSettings = {
				ALWAYS_SEARCH_USER_PATHS = NO;
				CLANG_WARN_BLOCK_CAPTURE_AUTORELEASING = YES;
				CLANG_WARN_BOOL_CONVERSION = YES;
				CLANG_WARN_COMMA = YES;
				CLANG_WARN_CONSTANT_CONVERSION = YES;
				CLANG_WARN_EMPTY_BODY = YES;
				CLANG_WARN_ENUM_CONVERSION = YES;
				CLANG_WARN_INFINITE_RECURSION = YES;
				CLANG_WARN_INT_CONVERSION = YES;
				CLANG_WARN_NON_LITERAL_NULL_CONVERSION = YES;
				CLANG_WARN_STRICT_PROTOTYPES = YES;
				CLANG_WARN_UNREACHABLE_CODE = YES;
				GCC_NO_COMMON_BLOCKS = YES;
				GCC_OPTIMIZATION_LEVEL = 3;
				GCC_WARN_64_TO_32_BIT_CONVERSION = YES;
				GCC_WARN_ABOUT_RETURN_TYPE = YES;
				GCC_WARN_SIGN_COMPARE = YES;
				GCC_WARN_UNINITIALIZED_AUTOS = YES;
				GCC_WARN_UNUSED_FUNCTION = YES;
				GCC_WARN_UNUSED_VARIABLE = YES;
				HEADER_SEARCH_PATHS = (
					"$(SRCROOT)/Sources",
					"$(BUILT_PRODUCTS_DIR)/usr/local/include",
					/usr/local/include,
					/opt/local/include,
					/opt/local/include/SDL2,
				);
				LIBRARY_SEARCH_PATHS = (
					/usr/local/lib,
					/opt/local/lib,
				);
				MACOSX_DEPLOYMENT_TARGET = 10.6;
				ONLY_ACTIVE_ARCH = YES;
				USE_HEADERMAP = NO;
			};
			name = Release;
		};
		CE0CE99C22E1E90900963219 /* Debug */ = {
			isa = XCBuildConfiguration;
			buildSettings = {
				EXECUTABLE_PREFIX = lib;
				PRIVATE_HEADERS_FOLDER_PATH = "/usr/local/include/$(PRODUCT_NAME)";
				PRODUCT_NAME = "$(TARGET_NAME)";
			};
			name = Debug;
		};
		CE0CE99D22E1E90900963219 /* Release */ = {
			isa = XCBuildConfiguration;
			buildSettings = {
				EXECUTABLE_PREFIX = lib;
				PRIVATE_HEADERS_FOLDER_PATH = "/usr/local/include/$(PRODUCT_NAME)";
				PRODUCT_NAME = "$(TARGET_NAME)";
			};
			name = Release;
		};
		CE2A594C22E2609E0043FCD2 /* Debug */ = {
			isa = XCBuildConfiguration;
			buildSettings = {
				PRODUCT_NAME = "$(TARGET_NAME)";
			};
			name = Debug;
		};
		CE2A594D22E2609E0043FCD2 /* Release */ = {
			isa = XCBuildConfiguration;
			buildSettings = {
				PRODUCT_NAME = "$(TARGET_NAME)";
			};
			name = Release;
		};
		CE2A597122E4447B0043FCD2 /* Debug */ = {
			isa = XCBuildConfiguration;
			buildSettings = {
				PRODUCT_NAME = "$(TARGET_NAME)";
			};
			name = Debug;
		};
		CE2A597222E4447B0043FCD2 /* Release */ = {
			isa = XCBuildConfiguration;
			buildSettings = {
				PRODUCT_NAME = "$(TARGET_NAME)";
			};
			name = Release;
		};
		CE2DC4B322E8DEF200908C7E /* Debug */ = {
			isa = XCBuildConfiguration;
			buildSettings = {
				PRODUCT_NAME = "$(TARGET_NAME)";
			};
			name = Debug;
		};
		CE2DC4B422E8DEF200908C7E /* Release */ = {
			isa = XCBuildConfiguration;
			buildSettings = {
				PRODUCT_NAME = "$(TARGET_NAME)";
			};
			name = Release;
		};
		CE2DC4CA22EBFFD500908C7E /* Debug */ = {
			isa = XCBuildConfiguration;
			buildSettings = {
				PRODUCT_NAME = "$(TARGET_NAME)";
			};
			name = Debug;
		};
		CE2DC4CB22EBFFD500908C7E /* Release */ = {
			isa = XCBuildConfiguration;
			buildSettings = {
				PRODUCT_NAME = "$(TARGET_NAME)";
			};
			name = Release;
		};
		CE61326B22E75BA100673094 /* Debug */ = {
			isa = XCBuildConfiguration;
			buildSettings = {
				PRODUCT_NAME = "$(TARGET_NAME)";
			};
			name = Debug;
		};
		CE61326C22E75BA100673094 /* Release */ = {
			isa = XCBuildConfiguration;
			buildSettings = {
				PRODUCT_NAME = "$(TARGET_NAME)";
			};
			name = Release;
		};
/* End XCBuildConfiguration section */

/* Begin XCConfigurationList section */
		CE03F13F22E65FC200147FB9 /* Build configuration list for PBXAggregateTarget "ObjectivelyGL-Tests" */ = {
			isa = XCConfigurationList;
			buildConfigurations = (
				CE03F14022E65FC200147FB9 /* Debug */,
				CE03F14122E65FC200147FB9 /* Release */,
			);
			defaultConfigurationIsVisible = 0;
			defaultConfigurationName = Release;
		};
		CE0CE99222E1E90900963219 /* Build configuration list for PBXProject "ObjectivelyGL" */ = {
			isa = XCConfigurationList;
			buildConfigurations = (
				CE0CE99922E1E90900963219 /* Debug */,
				CE0CE99A22E1E90900963219 /* Release */,
			);
			defaultConfigurationIsVisible = 0;
			defaultConfigurationName = Release;
		};
		CE0CE99B22E1E90900963219 /* Build configuration list for PBXNativeTarget "ObjectivelyGL" */ = {
			isa = XCConfigurationList;
			buildConfigurations = (
				CE0CE99C22E1E90900963219 /* Debug */,
				CE0CE99D22E1E90900963219 /* Release */,
			);
			defaultConfigurationIsVisible = 0;
			defaultConfigurationName = Release;
		};
		CE2A594B22E2609E0043FCD2 /* Build configuration list for PBXNativeTarget "ObjectivelyGL-Shader" */ = {
			isa = XCConfigurationList;
			buildConfigurations = (
				CE2A594C22E2609E0043FCD2 /* Debug */,
				CE2A594D22E2609E0043FCD2 /* Release */,
			);
			defaultConfigurationIsVisible = 0;
			defaultConfigurationName = Release;
		};
		CE2A597022E4447B0043FCD2 /* Build configuration list for PBXNativeTarget "ObjectivelyGL-Program" */ = {
			isa = XCConfigurationList;
			buildConfigurations = (
				CE2A597122E4447B0043FCD2 /* Debug */,
				CE2A597222E4447B0043FCD2 /* Release */,
			);
			defaultConfigurationIsVisible = 0;
			defaultConfigurationName = Release;
		};
		CE2DC4B222E8DEF200908C7E /* Build configuration list for PBXNativeTarget "ObjectivelyGL-Buffer" */ = {
			isa = XCConfigurationList;
			buildConfigurations = (
				CE2DC4B322E8DEF200908C7E /* Debug */,
				CE2DC4B422E8DEF200908C7E /* Release */,
			);
			defaultConfigurationIsVisible = 0;
			defaultConfigurationName = Release;
		};
		CE2DC4C922EBFFD500908C7E /* Build configuration list for PBXNativeTarget "ObjectivelyGL-VertexArray" */ = {
			isa = XCConfigurationList;
			buildConfigurations = (
				CE2DC4CA22EBFFD500908C7E /* Debug */,
				CE2DC4CB22EBFFD500908C7E /* Release */,
			);
			defaultConfigurationIsVisible = 0;
			defaultConfigurationName = Release;
		};
		CE61326A22E75BA100673094 /* Build configuration list for PBXNativeTarget "ObjectivelyGL-Hello" */ = {
			isa = XCConfigurationList;
			buildConfigurations = (
				CE61326B22E75BA100673094 /* Debug */,
				CE61326C22E75BA100673094 /* Release */,
			);
			defaultConfigurationIsVisible = 0;
			defaultConfigurationName = Release;
		};
/* End XCConfigurationList section */
	};
	rootObject = CE0CE98F22E1E90900963219 /* Project object */;
}
